{
  "name": "code",
  "lockfileVersion": 3,
  "requires": true,
  "packages": {
    "": {
      "dependencies": {
        "thorui-uni": "^2.9.1"
      }
    },
    "node_modules/thorui-uni": {
      "version": "2.9.1",
      "resolved": "https://registry.npmmirror.com/thorui-uni/-/thorui-uni-2.9.1.tgz",
      "integrity": "sha512-CyiP4tocPsDX35XUpcnOQd8NitYEJwbE1VbC1+FkBEaWpx82gE3TdQ7n2VHAGCBEtID5OqoXRlHtaOpRjx830w=="
    }
  }
}
